// !$*UTF8*$!
{
	archiveVersion = 1;
	classes = {
	};
	objectVersion = 46;
	objects = {

/* Begin PBXBuildFile section */
		003BB4D718ADD42300B36D96 /* Foundation.framework in Frameworks */ = {isa = PBXBuildFile; fileRef = 003BB4D618ADD42300B36D96 /* Foundation.framework */; };
		003BB4D918ADD42300B36D96 /* CoreGraphics.framework in Frameworks */ = {isa = PBXBuildFile; fileRef = 003BB4D818ADD42300B36D96 /* CoreGraphics.framework */; };
		003BB4DB18ADD42300B36D96 /* UIKit.framework in Frameworks */ = {isa = PBXBuildFile; fileRef = 003BB4DA18ADD42300B36D96 /* UIKit.framework */; };
		003BB4E118ADD42300B36D96 /* InfoPlist.strings in Resources */ = {isa = PBXBuildFile; fileRef = 003BB4DF18ADD42300B36D96 /* InfoPlist.strings */; };
		003BB4E318ADD42300B36D96 /* main.m in Sources */ = {isa = PBXBuildFile; fileRef = 003BB4E218ADD42300B36D96 /* main.m */; };
		003BB4E718ADD42300B36D96 /* RSAppDelegate.m in Sources */ = {isa = PBXBuildFile; fileRef = 003BB4E618ADD42300B36D96 /* RSAppDelegate.m */; };
		003BB4EA18ADD42300B36D96 /* Main.storyboard in Resources */ = {isa = PBXBuildFile; fileRef = 003BB4E818ADD42300B36D96 /* Main.storyboard */; };
		003BB4ED18ADD42300B36D96 /* RSViewController.m in Sources */ = {isa = PBXBuildFile; fileRef = 003BB4EC18ADD42300B36D96 /* RSViewController.m */; };
		003BB4EF18ADD42300B36D96 /* Images.xcassets in Resources */ = {isa = PBXBuildFile; fileRef = 003BB4EE18ADD42300B36D96 /* Images.xcassets */; };
		003BB4F618ADD42300B36D96 /* XCTest.framework in Frameworks */ = {isa = PBXBuildFile; fileRef = 003BB4F518ADD42300B36D96 /* XCTest.framework */; };
		003BB4F718ADD42300B36D96 /* Foundation.framework in Frameworks */ = {isa = PBXBuildFile; fileRef = 003BB4D618ADD42300B36D96 /* Foundation.framework */; };
		003BB4F818ADD42300B36D96 /* UIKit.framework in Frameworks */ = {isa = PBXBuildFile; fileRef = 003BB4DA18ADD42300B36D96 /* UIKit.framework */; };
		003BB50018ADD42300B36D96 /* InfoPlist.strings in Resources */ = {isa = PBXBuildFile; fileRef = 003BB4FE18ADD42300B36D96 /* InfoPlist.strings */; };
		003BB50218ADD42300B36D96 /* CrystalBallTests.m in Sources */ = {isa = PBXBuildFile; fileRef = 003BB50118ADD42300B36D96 /* CrystalBallTests.m */; };
/* End PBXBuildFile section */

/* Begin PBXContainerItemProxy section */
		003BB4F918ADD42300B36D96 /* PBXContainerItemProxy */ = {
			isa = PBXContainerItemProxy;
			containerPortal = 003BB4CB18ADD42200B36D96 /* Project object */;
			proxyType = 1;
			remoteGlobalIDString = 003BB4D218ADD42200B36D96;
			remoteInfo = CrystalBall;
		};
/* End PBXContainerItemProxy section */

/* Begin PBXFileReference section */
		003BB4D318ADD42300B36D96 /* CrystalBall.app */ = {isa = PBXFileReference; explicitFileType = wrapper.application; includeInIndex = 0; path = CrystalBall.app; sourceTree = BUILT_PRODUCTS_DIR; };
		003BB4D618ADD42300B36D96 /* Foundation.framework */ = {isa = PBXFileReference; lastKnownFileType = wrapper.framework; name = Foundation.framework; path = System/Library/Frameworks/Foundation.framework; sourceTree = SDKROOT; };
		003BB4D818ADD42300B36D96 /* CoreGraphics.framework */ = {isa = PBXFileReference; lastKnownFileType = wrapper.framework; name = CoreGraphics.framework; path = System/Library/Frameworks/CoreGraphics.framework; sourceTree = SDKROOT; };
		003BB4DA18ADD42300B36D96 /* UIKit.framework */ = {isa = PBXFileReference; lastKnownFileType = wrapper.framework; name = UIKit.framework; path = System/Library/Frameworks/UIKit.framework; sourceTree = SDKROOT; };
		003BB4DE18ADD42300B36D96 /* CrystalBall-Info.plist */ = {isa = PBXFileReference; lastKnownFileType = text.plist.xml; path = "CrystalBall-Info.plist"; sourceTree = "<group>"; };
		003BB4E018ADD42300B36D96 /* en */ = {isa = PBXFileReference; lastKnownFileType = text.plist.strings; name = en; path = en.lproj/InfoPlist.strings; sourceTree = "<group>"; };
		003BB4E218ADD42300B36D96 /* main.m */ = {isa = PBXFileReference; lastKnownFileType = sourcecode.c.objc; path = main.m; sourceTree = "<group>"; };
		003BB4E418ADD42300B36D96 /* CrystalBall-Prefix.pch */ = {isa = PBXFileReference; lastKnownFileType = sourcecode.c.h; path = "CrystalBall-Prefix.pch"; sourceTree = "<group>"; };
		003BB4E518ADD42300B36D96 /* RSAppDelegate.h */ = {isa = PBXFileReference; lastKnownFileType = sourcecode.c.h; path = RSAppDelegate.h; sourceTree = "<group>"; };
		003BB4E618ADD42300B36D96 /* RSAppDelegate.m */ = {isa = PBXFileReference; lastKnownFileType = sourcecode.c.objc; path = RSAppDelegate.m; sourceTree = "<group>"; };
		003BB4E918ADD42300B36D96 /* Base */ = {isa = PBXFileReference; lastKnownFileType = file.storyboard; name = Base; path = Base.lproj/Main.storyboard; sourceTree = "<group>"; };
		003BB4EB18ADD42300B36D96 /* RSViewController.h */ = {isa = PBXFileReference; lastKnownFileType = sourcecode.c.h; path = RSViewController.h; sourceTree = "<group>"; };
		003BB4EC18ADD42300B36D96 /* RSViewController.m */ = {isa = PBXFileReference; lastKnownFileType = sourcecode.c.objc; path = RSViewController.m; sourceTree = "<group>"; };
		003BB4EE18ADD42300B36D96 /* Images.xcassets */ = {isa = PBXFileReference; lastKnownFileType = folder.assetcatalog; path = Images.xcassets; sourceTree = "<group>"; };
		003BB4F418ADD42300B36D96 /* CrystalBallTests.xctest */ = {isa = PBXFileReference; explicitFileType = wrapper.cfbundle; includeInIndex = 0; path = CrystalBallTests.xctest; sourceTree = BUILT_PRODUCTS_DIR; };
		003BB4F518ADD42300B36D96 /* XCTest.framework */ = {isa = PBXFileReference; lastKnownFileType = wrapper.framework; name = XCTest.framework; path = Library/Frameworks/XCTest.framework; sourceTree = DEVELOPER_DIR; };
		003BB4FD18ADD42300B36D96 /* CrystalBallTests-Info.plist */ = {isa = PBXFileReference; lastKnownFileType = text.plist.xml; path = "CrystalBallTests-Info.plist"; sourceTree = "<group>"; };
		003BB4FF18ADD42300B36D96 /* en */ = {isa = PBXFileReference; lastKnownFileType = text.plist.strings; name = en; path = en.lproj/InfoPlist.strings; sourceTree = "<group>"; };
		003BB50118ADD42300B36D96 /* CrystalBallTests.m */ = {isa = PBXFileReference; lastKnownFileType = sourcecode.c.objc; path = CrystalBallTests.m; sourceTree = "<group>"; };
/* End PBXFileReference section */

/* Begin PBXFrameworksBuildPhase section */
		003BB4D018ADD42200B36D96 /* Frameworks */ = {
			isa = PBXFrameworksBuildPhase;
			buildActionMask = 2147483647;
			files = (
				003BB4D918ADD42300B36D96 /* CoreGraphics.framework in Frameworks */,
				003BB4DB18ADD42300B36D96 /* UIKit.framework in Frameworks */,
				003BB4D718ADD42300B36D96 /* Foundation.framework in Frameworks */,
			);
			runOnlyForDeploymentPostprocessing = 0;
		};
		003BB4F118ADD42300B36D96 /* Frameworks */ = {
			isa = PBXFrameworksBuildPhase;
			buildActionMask = 2147483647;
			files = (
				003BB4F618ADD42300B36D96 /* XCTest.framework in Frameworks */,
				003BB4F818ADD42300B36D96 /* UIKit.framework in Frameworks */,
				003BB4F718ADD42300B36D96 /* Foundation.framework in Frameworks */,
			);
			runOnlyForDeploymentPostprocessing = 0;
		};
/* End PBXFrameworksBuildPhase section */

/* Begin PBXGroup section */
		003BB4CA18ADD42200B36D96 = {
			isa = PBXGroup;
			children = (
				003BB4DC18ADD42300B36D96 /* CrystalBall */,
				003BB4FB18ADD42300B36D96 /* CrystalBallTests */,
				003BB4D518ADD42300B36D96 /* Frameworks */,
				003BB4D418ADD42300B36D96 /* Products */,
			);
			sourceTree = "<group>";
		};
		003BB4D418ADD42300B36D96 /* Products */ = {
			isa = PBXGroup;
			children = (
				003BB4D318ADD42300B36D96 /* CrystalBall.app */,
				003BB4F418ADD42300B36D96 /* CrystalBallTests.xctest */,
			);
			name = Products;
			sourceTree = "<group>";
		};
		003BB4D518ADD42300B36D96 /* Frameworks */ = {
			isa = PBXGroup;
			children = (
				003BB4D618ADD42300B36D96 /* Foundation.framework */,
				003BB4D818ADD42300B36D96 /* CoreGraphics.framework */,
				003BB4DA18ADD42300B36D96 /* UIKit.framework */,
				003BB4F518ADD42300B36D96 /* XCTest.framework */,
			);
			name = Frameworks;
			sourceTree = "<group>";
		};
		003BB4DC18ADD42300B36D96 /* CrystalBall */ = {
			isa = PBXGroup;
			children = (
				003BB4E518ADD42300B36D96 /* RSAppDelegate.h */,
				003BB4E618ADD42300B36D96 /* RSAppDelegate.m */,
				003BB4E818ADD42300B36D96 /* Main.storyboard */,
				003BB4EB18ADD42300B36D96 /* RSViewController.h */,
				003BB4EC18ADD42300B36D96 /* RSViewController.m */,
				003BB4EE18ADD42300B36D96 /* Images.xcassets */,
				003BB4DD18ADD42300B36D96 /* Supporting Files */,
			);
			path = CrystalBall;
			sourceTree = "<group>";
		};
		003BB4DD18ADD42300B36D96 /* Supporting Files */ = {
			isa = PBXGroup;
			children = (
				003BB4DE18ADD42300B36D96 /* CrystalBall-Info.plist */,
				003BB4DF18ADD42300B36D96 /* InfoPlist.strings */,
				003BB4E218ADD42300B36D96 /* main.m */,
				003BB4E418ADD42300B36D96 /* CrystalBall-Prefix.pch */,
			);
			name = "Supporting Files";
			sourceTree = "<group>";
		};
		003BB4FB18ADD42300B36D96 /* CrystalBallTests */ = {
			isa = PBXGroup;
			children = (
				003BB50118ADD42300B36D96 /* CrystalBallTests.m */,
				003BB4FC18ADD42300B36D96 /* Supporting Files */,
			);
			path = CrystalBallTests;
			sourceTree = "<group>";
		};
		003BB4FC18ADD42300B36D96 /* Supporting Files */ = {
			isa = PBXGroup;
			children = (
				003BB4FD18ADD42300B36D96 /* CrystalBallTests-Info.plist */,
				003BB4FE18ADD42300B36D96 /* InfoPlist.strings */,
			);
			name = "Supporting Files";
			sourceTree = "<group>";
		};
/* End PBXGroup section */

/* Begin PBXNativeTarget section */
		003BB4D218ADD42200B36D96 /* CrystalBall */ = {
			isa = PBXNativeTarget;
			buildConfigurationList = 003BB50518ADD42300B36D96 /* Build configuration list for PBXNativeTarget "CrystalBall" */;
			buildPhases = (
				003BB4CF18ADD42200B36D96 /* Sources */,
				003BB4D018ADD42200B36D96 /* Frameworks */,
				003BB4D118ADD42200B36D96 /* Resources */,
			);
			buildRules = (
			);
			dependencies = (
			);
			name = CrystalBall;
			productName = CrystalBall;
			productReference = 003BB4D318ADD42300B36D96 /* CrystalBall.app */;
			productType = "com.apple.product-type.application";
		};
		003BB4F318ADD42300B36D96 /* CrystalBallTests */ = {
			isa = PBXNativeTarget;
			buildConfigurationList = 003BB50818ADD42300B36D96 /* Build configuration list for PBXNativeTarget "CrystalBallTests" */;
			buildPhases = (
				003BB4F018ADD42300B36D96 /* Sources */,
				003BB4F118ADD42300B36D96 /* Frameworks */,
				003BB4F218ADD42300B36D96 /* Resources */,
			);
			buildRules = (
			);
			dependencies = (
				003BB4FA18ADD42300B36D96 /* PBXTargetDependency */,
			);
			name = CrystalBallTests;
			productName = CrystalBallTests;
			productReference = 003BB4F418ADD42300B36D96 /* CrystalBallTests.xctest */;
			productType = "com.apple.product-type.bundle.unit-test";
		};
/* End PBXNativeTarget section */

/* Begin PBXProject section */
		003BB4CB18ADD42200B36D96 /* Project object */ = {
			isa = PBXProject;
			attributes = {
				CLASSPREFIX = RS;
				LastUpgradeCheck = 0500;
				ORGANIZATIONNAME = "Reed Sweeney";
				TargetAttributes = {
					003BB4F318ADD42300B36D96 = {
						TestTargetID = 003BB4D218ADD42200B36D96;
					};
				};
			};
			buildConfigurationList = 003BB4CE18ADD42200B36D96 /* Build configuration list for PBXProject "CrystalBall" */;
			compatibilityVersion = "Xcode 3.2";
			developmentRegion = English;
			hasScannedForEncodings = 0;
			knownRegions = (
				en,
				Base,
			);
			mainGroup = 003BB4CA18ADD42200B36D96;
			productRefGroup = 003BB4D418ADD42300B36D96 /* Products */;
			projectDirPath = "";
			projectRoot = "";
			targets = (
				003BB4D218ADD42200B36D96 /* CrystalBall */,
				003BB4F318ADD42300B36D96 /* CrystalBallTests */,
			);
		};
/* End PBXProject section */

/* Begin PBXResourcesBuildPhase section */
		003BB4D118ADD42200B36D96 /* Resources */ = {
			isa = PBXResourcesBuildPhase;
			buildActionMask = 2147483647;
			files = (
				003BB4EF18ADD42300B36D96 /* Images.xcassets in Resources */,
				003BB4E118ADD42300B36D96 /* InfoPlist.strings in Resources */,
				003BB4EA18ADD42300B36D96 /* Main.storyboard in Resources */,
			);
			runOnlyForDeploymentPostprocessing = 0;
		};
		003BB4F218ADD42300B36D96 /* Resources */ = {
			isa = PBXResourcesBuildPhase;
			buildActionMask = 2147483647;
			files = (
				003BB50018ADD42300B36D96 /* InfoPlist.strings in Resources */,
			);
			runOnlyForDeploymentPostprocessing = 0;
		};
/* End PBXResourcesBuildPhase section */

/* Begin PBXSourcesBuildPhase section */
		003BB4CF18ADD42200B36D96 /* Sources */ = {
			isa = PBXSourcesBuildPhase;
			buildActionMask = 2147483647;
			files = (
				003BB4E318ADD42300B36D96 /* main.m in Sources */,
				003BB4E718ADD42300B36D96 /* RSAppDelegate.m in Sources */,
				003BB4ED18ADD42300B36D96 /* RSViewController.m in Sources */,
			);
			runOnlyForDeploymentPostprocessing = 0;
		};
		003BB4F018ADD42300B36D96 /* Sources */ = {
			isa = PBXSourcesBuildPhase;
			buildActionMask = 2147483647;
			files = (
				003BB50218ADD42300B36D96 /* CrystalBallTests.m in Sources */,
			);
			runOnlyForDeploymentPostprocessing = 0;
		};
/* End PBXSourcesBuildPhase section */

/* Begin PBXTargetDependency section */
		003BB4FA18ADD42300B36D96 /* PBXTargetDependency */ = {
			isa = PBXTargetDependency;
			target = 003BB4D218ADD42200B36D96 /* CrystalBall */;
			targetProxy = 003BB4F918ADD42300B36D96 /* PBXContainerItemProxy */;
		};
/* End PBXTargetDependency section */

/* Begin PBXVariantGroup section */
		003BB4DF18ADD42300B36D96 /* InfoPlist.strings */ = {
			isa = PBXVariantGroup;
			children = (
				003BB4E018ADD42300B36D96 /* en */,
			);
			name = InfoPlist.strings;
			sourceTree = "<group>";
		};
		003BB4E818ADD42300B36D96 /* Main.storyboard */ = {
			isa = PBXVariantGroup;
			children = (
				003BB4E918ADD42300B36D96 /* Base */,
			);
			name = Main.storyboard;
			sourceTree = "<group>";
		};
		003BB4FE18ADD42300B36D96 /* InfoPlist.strings */ = {
			isa = PBXVariantGroup;
			children = (
				003BB4FF18ADD42300B36D96 /* en */,
			);
			name = InfoPlist.strings;
			sourceTree = "<group>";
		};
/* End PBXVariantGroup section */

/* Begin XCBuildConfiguration section */
		003BB50318ADD42300B36D96 /* Debug */ = {
			isa = XCBuildConfiguration;
			buildSettings = {
				ALWAYS_SEARCH_USER_PATHS = NO;
				ARCHS = "$(ARCHS_STANDARD_INCLUDING_64_BIT)";
				CLANG_CXX_LANGUAGE_STANDARD = "gnu++0x";
				CLANG_CXX_LIBRARY = "libc++";
				CLANG_ENABLE_MODULES = YES;
				CLANG_ENABLE_OBJC_ARC = YES;
				CLANG_WARN_BOOL_CONVERSION = YES;
				CLANG_WARN_CONSTANT_CONVERSION = YES;
				CLANG_WARN_DIRECT_OBJC_ISA_USAGE = YES_ERROR;
				CLANG_WARN_EMPTY_BODY = YES;
				CLANG_WARN_ENUM_CONVERSION = YES;
				CLANG_WARN_INT_CONVERSION = YES;
				CLANG_WARN_OBJC_ROOT_CLASS = YES_ERROR;
				CLANG_WARN__DUPLICATE_METHOD_MATCH = YES;
				"CODE_SIGN_IDENTITY[sdk=iphoneos*]" = "iPhone Developer";
				COPY_PHASE_STRIP = NO;
				GCC_C_LANGUAGE_STANDARD = gnu99;
				GCC_DYNAMIC_NO_PIC = NO;
				GCC_OPTIMIZATION_LEVEL = 0;
				GCC_PREPROCESSOR_DEFINITIONS = (
					"DEBUG=1",
					"$(inherited)",
				);
				GCC_SYMBOLS_PRIVATE_EXTERN = NO;
				GCC_WARN_64_TO_32_BIT_CONVERSION = YES;
				GCC_WARN_ABOUT_RETURN_TYPE = YES_ERROR;
				GCC_WARN_UNDECLARED_SELECTOR = YES;
				GCC_WARN_UNINITIALIZED_AUTOS = YES;
				GCC_WARN_UNUSED_FUNCTION = YES;
				GCC_WARN_UNUSED_VARIABLE = YES;
				IPHONEOS_DEPLOYMENT_TARGET = 7.0;
				ONLY_ACTIVE_ARCH = YES;
				SDKROOT = iphoneos;
			};
			name = Debug;
		};
		003BB50418ADD42300B36D96 /* Release */ = {
			isa = XCBuildConfiguration;
			buildSettings = {
				ALWAYS_SEARCH_USER_PATHS = NO;
				ARCHS = "$(ARCHS_STANDARD_INCLUDING_64_BIT)";
				CLANG_CXX_LANGUAGE_STANDARD = "gnu++0x";
				CLANG_CXX_LIBRARY = "libc++";
				CLANG_ENABLE_MODULES = YES;
				CLANG_ENABLE_OBJC_ARC = YES;
				CLANG_WARN_BOOL_CONVERSION = YES;
				CLANG_WARN_CONSTANT_CONVERSION = YES;
				CLANG_WARN_DIRECT_OBJC_ISA_USAGE = YES_ERROR;
				CLANG_WARN_EMPTY_BODY = YES;
				CLANG_WARN_ENUM_CONVERSION = YES;
				CLANG_WARN_INT_CONVERSION = YES;
				CLANG_WARN_OBJC_ROOT_CLASS = YES_ERROR;
				CLANG_WARN__DUPLICATE_METHOD_MATCH = YES;
				"CODE_SIGN_IDENTITY[sdk=iphoneos*]" = "iPhone Developer";
				COPY_PHASE_STRIP = YES;
				ENABLE_NS_ASSERTIONS = NO;
				GCC_C_LANGUAGE_STANDARD = gnu99;
				GCC_WARN_64_TO_32_BIT_CONVERSION = YES;
				GCC_WARN_ABOUT_RETURN_TYPE = YES_ERROR;
				GCC_WARN_UNDECLARED_SELECTOR = YES;
				GCC_WARN_UNINITIALIZED_AUTOS = YES;
				GCC_WARN_UNUSED_FUNCTION = YES;
				GCC_WARN_UNUSED_VARIABLE = YES;
				IPHONEOS_DEPLOYMENT_TARGET = 7.0;
				SDKROOT = iphoneos;
				VALIDATE_PRODUCT = YES;
			};
			name = Release;
		};
		003BB50618ADD42300B36D96 /* Debug */ = {
			isa = XCBuildConfiguration;
			buildSettings = {
				ASSETCATALOG_COMPILER_APPICON_NAME = AppIcon;
				ASSETCATALOG_COMPILER_LAUNCHIMAGE_NAME = LaunchImage;
				GCC_PRECOMPILE_PREFIX_HEADER = YES;
				GCC_PREFIX_HEADER = "CrystalBall/CrystalBall-Prefix.pch";
				INFOPLIST_FILE = "CrystalBall/CrystalBall-Info.plist";
				PRODUCT_NAME = "$(TARGET_NAME)";
				WRAPPER_EXTENSION = app;
			};
			name = Debug;
		};
		003BB50718ADD42300B36D96 /* Release */ = {
			isa = XCBuildConfiguration;
			buildSettings = {
				ASSETCATALOG_COMPILER_APPICON_NAME = AppIcon;
				ASSETCATALOG_COMPILER_LAUNCHIMAGE_NAME = LaunchImage;
				GCC_PRECOMPILE_PREFIX_HEADER = YES;
				GCC_PREFIX_HEADER = "CrystalBall/CrystalBall-Prefix.pch";
				INFOPLIST_FILE = "CrystalBall/CrystalBall-Info.plist";
				PRODUCT_NAME = "$(TARGET_NAME)";
				WRAPPER_EXTENSION = app;
			};
			name = Release;
		};
		003BB50918ADD42300B36D96 /* Debug */ = {
			isa = XCBuildConfiguration;
			buildSettings = {
				ARCHS = "$(ARCHS_STANDARD_INCLUDING_64_BIT)";
				BUNDLE_LOADER = "$(BUILT_PRODUCTS_DIR)/CrystalBall.app/CrystalBall";
				FRAMEWORK_SEARCH_PATHS = (
					"$(SDKROOT)/Developer/Library/Frameworks",
					"$(inherited)",
					"$(DEVELOPER_FRAMEWORKS_DIR)",
				);
				GCC_PRECOMPILE_PREFIX_HEADER = YES;
				GCC_PREFIX_HEADER = "CrystalBall/CrystalBall-Prefix.pch";
				GCC_PREPROCESSOR_DEFINITIONS = (
					"DEBUG=1",
					"$(inherited)",
				);
				INFOPLIST_FILE = "CrystalBallTests/CrystalBallTests-Info.plist";
				PRODUCT_NAME = "$(TARGET_NAME)";
				TEST_HOST = "$(BUNDLE_LOADER)";
				WRAPPER_EXTENSION = xctest;
			};
			name = Debug;
		};
		003BB50A18ADD42300B36D96 /* Release */ = {
			isa = XCBuildConfiguration;
			buildSettings = {
				ARCHS = "$(ARCHS_STANDARD_INCLUDING_64_BIT)";
				BUNDLE_LOADER = "$(BUILT_PRODUCTS_DIR)/CrystalBall.app/CrystalBall";
				FRAMEWORK_SEARCH_PATHS = (
					"$(SDKROOT)/Developer/Library/Frameworks",
					"$(inherited)",
					"$(DEVELOPER_FRAMEWORKS_DIR)",
				);
				GCC_PRECOMPILE_PREFIX_HEADER = YES;
				GCC_PREFIX_HEADER = "CrystalBall/CrystalBall-Prefix.pch";
				INFOPLIST_FILE = "CrystalBallTests/CrystalBallTests-Info.plist";
				PRODUCT_NAME = "$(TARGET_NAME)";
				TEST_HOST = "$(BUNDLE_LOADER)";
				WRAPPER_EXTENSION = xctest;
			};
			name = Release;
		};
/* End XCBuildConfiguration section */

/* Begin XCConfigurationList section */
		003BB4CE18ADD42200B36D96 /* Build configuration list for PBXProject "CrystalBall" */ = {
			isa = XCConfigurationList;
			buildConfigurations = (
				003BB50318ADD42300B36D96 /* Debug */,
				003BB50418ADD42300B36D96 /* Release */,
			);
			defaultConfigurationIsVisible = 0;
			defaultConfigurationName = Release;
		};
		003BB50518ADD42300B36D96 /* Build configuration list for PBXNativeTarget "CrystalBall" */ = {
			isa = XCConfigurationList;
			buildConfigurations = (
				003BB50618ADD42300B36D96 /* Debug */,
				003BB50718ADD42300B36D96 /* Release */,
			);
			defaultConfigurationIsVisible = 0;
		};
		003BB50818ADD42300B36D96 /* Build configuration list for PBXNativeTarget "CrystalBallTests" */ = {
			isa = XCConfigurationList;
			buildConfigurations = (
				003BB50918ADD42300B36D96 /* Debug */,
				003BB50A18ADD42300B36D96 /* Release */,
			);
			defaultConfigurationIsVisible = 0;
		};
/* End XCConfigurationList section */
	};
	rootObject = 003BB4CB18ADD42200B36D96 /* Project object */;
}
